
Microsoft Visual Studio Solution File, Format Version 12.00
# Visual Studio 15
VisualStudioVersion = 15.0.28307.539
MinimumVisualStudioVersion = 10.0.40219.1
Project("{F2A71F9B-5D33-465A-A702-920D77279786}") = "Task1", "Task1\Task1.fsproj", "{FB713D21-DF3A-4A1B-AADE-F096587B18BC}"
EndProject
Global
	GlobalSection(SolutionConfigurationPlatforms) = preSolution
		Debug|Any CPU = Debug|Any CPU
		Release|Any CPU = Release|Any CPU
	EndGlobalSection
	GlobalSection(ProjectConfigurationPlatforms) = postSolution
		{FB713D21-DF3A-4A1B-AADE-F096587B18BC}.Debug|Any CPU.ActiveCfg = Debug|Any CPU
		{FB713D21-DF3A-4A1B-AADE-F096587B18BC}.Debug|Any CPU.Build.0 = Debug|Any CPU
		{FB713D21-DF3A-4A1B-AADE-F096587B18BC}.Release|Any CPU.ActiveCfg = Release|Any CPU
		{FB713D21-DF3A-4A1B-AADE-F096587B18BC}.Release|Any CPU.Build.0 = Release|Any CPU
	EndGlobalSection
	GlobalSection(SolutionProperties) = preSolution
		HideSolutionNode = FALSE
	EndGlobalSection
	GlobalSection(ExtensibilityGlobals) = postSolution
		SolutionGuid = {10770178-C49F-443A-9596-AA4700D75220}
	EndGlobalSection
EndGlobal
