
Microsoft Visual Studio Solution File, Format Version 12.00
# Visual Studio 15
VisualStudioVersion = 15.0.28307.539
MinimumVisualStudioVersion = 10.0.40219.1
Project("{9A19103F-16F7-4668-BE54-9A1E7A4F7556}") = "Model", "Model\Model.csproj", "{5E3BDE73-8A8C-4D70-8F5E-0700D519496B}"
EndProject
Project("{9A19103F-16F7-4668-BE54-9A1E7A4F7556}") = "Repositories", "Repositories\Repositories.csproj", "{8C4B5016-CC12-491F-B3A8-91EB2EC8CBE9}"
EndProject
Project("{6EC3EE1D-3C4E-46DD-8F32-0CC8E7565705}") = "Services", "Services\Services.fsproj", "{D3C2B274-3E3B-487A-B71D-82EC439B88FC}"
EndProject
Project("{9A19103F-16F7-4668-BE54-9A1E7A4F7556}") = "WebApp", "WebApp\WebApp.csproj", "{3970130D-0D15-4CFD-A8C7-AF20C29B21A3}"
EndProject
Global
	GlobalSection(SolutionConfigurationPlatforms) = preSolution
		Debug|Any CPU = Debug|Any CPU
		Release|Any CPU = Release|Any CPU
	EndGlobalSection
	GlobalSection(ProjectConfigurationPlatforms) = postSolution
		{5E3BDE73-8A8C-4D70-8F5E-0700D519496B}.Debug|Any CPU.ActiveCfg = Debug|Any CPU
		{5E3BDE73-8A8C-4D70-8F5E-0700D519496B}.Debug|Any CPU.Build.0 = Debug|Any CPU
		{5E3BDE73-8A8C-4D70-8F5E-0700D519496B}.Release|Any CPU.ActiveCfg = Release|Any CPU
		{5E3BDE73-8A8C-4D70-8F5E-0700D519496B}.Release|Any CPU.Build.0 = Release|Any CPU
		{8C4B5016-CC12-491F-B3A8-91EB2EC8CBE9}.Debug|Any CPU.ActiveCfg = Debug|Any CPU
		{8C4B5016-CC12-491F-B3A8-91EB2EC8CBE9}.Debug|Any CPU.Build.0 = Debug|Any CPU
		{8C4B5016-CC12-491F-B3A8-91EB2EC8CBE9}.Release|Any CPU.ActiveCfg = Release|Any CPU
		{8C4B5016-CC12-491F-B3A8-91EB2EC8CBE9}.Release|Any CPU.Build.0 = Release|Any CPU
		{D3C2B274-3E3B-487A-B71D-82EC439B88FC}.Debug|Any CPU.ActiveCfg = Debug|Any CPU
		{D3C2B274-3E3B-487A-B71D-82EC439B88FC}.Debug|Any CPU.Build.0 = Debug|Any CPU
		{D3C2B274-3E3B-487A-B71D-82EC439B88FC}.Release|Any CPU.ActiveCfg = Release|Any CPU
		{D3C2B274-3E3B-487A-B71D-82EC439B88FC}.Release|Any CPU.Build.0 = Release|Any CPU
		{3970130D-0D15-4CFD-A8C7-AF20C29B21A3}.Debug|Any CPU.ActiveCfg = Debug|Any CPU
		{3970130D-0D15-4CFD-A8C7-AF20C29B21A3}.Debug|Any CPU.Build.0 = Debug|Any CPU
		{3970130D-0D15-4CFD-A8C7-AF20C29B21A3}.Release|Any CPU.ActiveCfg = Release|Any CPU
		{3970130D-0D15-4CFD-A8C7-AF20C29B21A3}.Release|Any CPU.Build.0 = Release|Any CPU
	EndGlobalSection
	GlobalSection(SolutionProperties) = preSolution
		HideSolutionNode = FALSE
	EndGlobalSection
	GlobalSection(ExtensibilityGlobals) = postSolution
		SolutionGuid = {985FDB94-44A7-4695-8B0C-030FA58990F9}
	EndGlobalSection
EndGlobal
